
Microsoft Visual Studio Solution File, Format Version 12.00
# Visual Studio Version 16
VisualStudioVersion = 16.0.30523.141
MinimumVisualStudioVersion = 10.0.40219.1
Project("{FAE04EC0-301F-11D3-BF4B-00C04F79EFBC}") = "ConsoleApp", "Program\ConsoleApp.csproj", "{2652A850-B2FC-411C-9A7C-4D691D92AB90}"
EndProject
Project("{FAE04EC0-301F-11D3-BF4B-00C04F79EFBC}") = "UnitTests", "UnitTests\UnitTests.csproj", "{6C28B871-3D6A-4FD9-99CA-78128734238E}"
EndProject
Project("{9A19103F-16F7-4668-BE54-9A1E7A4F7556}") = "RandomSequenceCreator", "ClassLibrary\RandomSequenceCreator.csproj", "{30F9B2CA-4FF7-4E0C-92BC-99D944B5083D}"
EndProject
Global
	GlobalSection(SolutionConfigurationPlatforms) = preSolution
		Debug|Any CPU = Debug|Any CPU
		Release|Any CPU = Release|Any CPU
	EndGlobalSection
	GlobalSection(ProjectConfigurationPlatforms) = postSolution
		{6C28B871-3D6A-4FD9-99CA-78128734238E}.Debug|Any CPU.ActiveCfg = Debug|Any CPU
		{6C28B871-3D6A-4FD9-99CA-78128734238E}.Debug|Any CPU.Build.0 = Debug|Any CPU
		{6C28B871-3D6A-4FD9-99CA-78128734238E}.Release|Any CPU.ActiveCfg = Release|Any CPU
		{6C28B871-3D6A-4FD9-99CA-78128734238E}.Release|Any CPU.Build.0 = Release|Any CPU
		{2652A850-B2FC-411C-9A7C-4D691D92AB90}.Debug|Any CPU.ActiveCfg = Debug|Any CPU
		{2652A850-B2FC-411C-9A7C-4D691D92AB90}.Debug|Any CPU.Build.0 = Debug|Any CPU
		{2652A850-B2FC-411C-9A7C-4D691D92AB90}.Release|Any CPU.ActiveCfg = Release|Any CPU
		{2652A850-B2FC-411C-9A7C-4D691D92AB90}.Release|Any CPU.Build.0 = Release|Any CPU
		{30F9B2CA-4FF7-4E0C-92BC-99D944B5083D}.Debug|Any CPU.ActiveCfg = Debug|Any CPU
		{30F9B2CA-4FF7-4E0C-92BC-99D944B5083D}.Debug|Any CPU.Build.0 = Debug|Any CPU
		{30F9B2CA-4FF7-4E0C-92BC-99D944B5083D}.Release|Any CPU.ActiveCfg = Release|Any CPU
		{30F9B2CA-4FF7-4E0C-92BC-99D944B5083D}.Release|Any CPU.Build.0 = Release|Any CPU
	EndGlobalSection
	GlobalSection(SolutionProperties) = preSolution
		HideSolutionNode = FALSE
	EndGlobalSection
	GlobalSection(ExtensibilityGlobals) = postSolution
		SolutionGuid = {3768B881-F45A-49DF-B828-1B25B51EC7C4}
	EndGlobalSection
EndGlobal
